
Microsoft Visual Studio Solution File, Format Version 12.00
# Visual Studio Version 16
VisualStudioVersion = 16.0.29318.209
MinimumVisualStudioVersion = 10.0.40219.1
Project("{FAE04EC0-301F-11D3-BF4B-00C04F79EFBC}") = "Hypnos Server", "Hypnos Server\Hypnos Server.csproj", "{7258BB65-FECE-43B7-B3D0-C829617B0F64}"
EndProject
Project("{8BC9CEB8-8B4A-11D0-8D11-00A0C91BC942}") = "Guilmon", "Guilmon\Guilmon.vcxproj", "{92AE5699-1E6A-44B6-8F17-EBA1C3382CF0}"
EndProject
Project("{FAE04EC0-301F-11D3-BF4B-00C04F79EFBC}") = "Yggdrasil", "DigitalWorld\Yggdrasil.csproj", "{F26E3C69-CF5A-4218-AC13-410D6B5A9E1D}"
EndProject
Project("{FAE04EC0-301F-11D3-BF4B-00C04F79EFBC}") = "Auth Server", "Auth Server\Auth Server.csproj", "{CB67DEA0-900C-40DE-B659-98CE28D5702E}"
EndProject
Project("{FAE04EC0-301F-11D3-BF4B-00C04F79EFBC}") = "CRCBreaker", "CRCBreaker\CRCBreaker.csproj", "{2F6C1C80-126E-4D29-A2CD-750FC9AECA6E}"
EndProject
Project("{2150E333-8FDC-42A3-9474-1A3956D46DE8}") = "SERVER 487", "SERVER 487", "{D90B83BD-FA5B-4EFB-89C8-5D3799869B1E}"
EndProject
Project("{2150E333-8FDC-42A3-9474-1A3956D46DE8}") = "Tools", "Tools", "{71B918CC-1E43-4B69-87C8-50B1E528D2D2}"
EndProject
Project("{2150E333-8FDC-42A3-9474-1A3956D46DE8}") = "Packet Logger", "Packet Logger", "{B7356927-E590-4791-AEA7-4ED73CC2BBEF}"
EndProject
Project("{FAE04EC0-301F-11D3-BF4B-00C04F79EFBC}") = "Digital World", "Digital World\Digital World.csproj", "{561DE568-B2E8-4087-BB3B-A15DD3A4E05B}"
EndProject
Project("{8BC9CEB8-8B4A-11D0-8D11-00A0C91BC942}") = "SRand", "SRand\SRand.vcxproj", "{09602B32-8DF9-4EAB-8EB5-9874D13F6614}"
EndProject
Project("{FAE04EC0-301F-11D3-BF4B-00C04F79EFBC}") = "Launcher", "Launcher\Launcher.csproj", "{B5781531-F72D-4C3D-AEAC-BBAADBE9A223}"
EndProject
Project("{9A19103F-16F7-4668-BE54-9A1E7A4F7556}") = "DiscordBOT", "DiscordBOT\DiscordBOT.csproj", "{F4EC2C8D-251E-40E1-9EB9-E16793777D5A}"
EndProject
Project("{2150E333-8FDC-42A3-9474-1A3956D46DE8}") = "ToDo", "ToDo", "{972C156F-361C-4540-8505-40835C7EFB66}"
	ProjectSection(SolutionItems) = preProject
		Auth (Done).txt = Auth (Done).txt
		Gate (Done).txt = Gate (Done).txt
		World (2 percent).txt = World (2 percent).txt
	EndProjectSection
EndProject
Project("{FAE04EC0-301F-11D3-BF4B-00C04F79EFBC}") = "Gate Server", "Gate Server\Gate Server.csproj", "{44986DA3-C64C-4852-9AF0-A1CACE98E9FA}"
EndProject
Global
	GlobalSection(SolutionConfigurationPlatforms) = preSolution
		Complete|Any CPU = Complete|Any CPU
		Complete|iPhone = Complete|iPhone
		Complete|iPhoneSimulator = Complete|iPhoneSimulator
		Complete|Mixed Platforms = Complete|Mixed Platforms
		Complete|Win32 = Complete|Win32
		Complete|x64 = Complete|x64
		Complete|x86 = Complete|x86
		Debug|Any CPU = Debug|Any CPU
		Debug|iPhone = Debug|iPhone
		Debug|iPhoneSimulator = Debug|iPhoneSimulator
		Debug|Mixed Platforms = Debug|Mixed Platforms
		Debug|Win32 = Debug|Win32
		Debug|x64 = Debug|x64
		Debug|x86 = Debug|x86
		Release|Any CPU = Release|Any CPU
		Release|iPhone = Release|iPhone
		Release|iPhoneSimulator = Release|iPhoneSimulator
		Release|Mixed Platforms = Release|Mixed Platforms
		Release|Win32 = Release|Win32
		Release|x64 = Release|x64
		Release|x86 = Release|x86
	EndGlobalSection
	GlobalSection(ProjectConfigurationPlatforms) = postSolution
		{7258BB65-FECE-43B7-B3D0-C829617B0F64}.Complete|Any CPU.ActiveCfg = Complete|x86
		{7258BB65-FECE-43B7-B3D0-C829617B0F64}.Complete|iPhone.ActiveCfg = Complete|x86
		{7258BB65-FECE-43B7-B3D0-C829617B0F64}.Complete|iPhoneSimulator.ActiveCfg = Complete|x86
		{7258BB65-FECE-43B7-B3D0-C829617B0F64}.Complete|Mixed Platforms.ActiveCfg = Complete|x86
		{7258BB65-FECE-43B7-B3D0-C829617B0F64}.Complete|Win32.ActiveCfg = Complete|x86
		{7258BB65-FECE-43B7-B3D0-C829617B0F64}.Complete|x64.ActiveCfg = Complete|x86
		{7258BB65-FECE-43B7-B3D0-C829617B0F64}.Complete|x86.ActiveCfg = Complete|x86
		{7258BB65-FECE-43B7-B3D0-C829617B0F64}.Complete|x86.Build.0 = Complete|x86
		{7258BB65-FECE-43B7-B3D0-C829617B0F64}.Debug|Any CPU.ActiveCfg = Debug|x86
		{7258BB65-FECE-43B7-B3D0-C829617B0F64}.Debug|iPhone.ActiveCfg = Debug|x86
		{7258BB65-FECE-43B7-B3D0-C829617B0F64}.Debug|iPhoneSimulator.ActiveCfg = Debug|x86
		{7258BB65-FECE-43B7-B3D0-C829617B0F64}.Debug|Mixed Platforms.ActiveCfg = Debug|x86
		{7258BB65-FECE-43B7-B3D0-C829617B0F64}.Debug|Win32.ActiveCfg = Debug|x86
		{7258BB65-FECE-43B7-B3D0-C829617B0F64}.Debug|x64.ActiveCfg = Debug|x86
		{7258BB65-FECE-43B7-B3D0-C829617B0F64}.Debug|x86.ActiveCfg = Debug|x86
		{7258BB65-FECE-43B7-B3D0-C829617B0F64}.Debug|x86.Build.0 = Debug|x86
		{7258BB65-FECE-43B7-B3D0-C829617B0F64}.Release|Any CPU.ActiveCfg = Release|x86
		{7258BB65-FECE-43B7-B3D0-C829617B0F64}.Release|iPhone.ActiveCfg = Release|x86
		{7258BB65-FECE-43B7-B3D0-C829617B0F64}.Release|iPhoneSimulator.ActiveCfg = Release|x86
		{7258BB65-FECE-43B7-B3D0-C829617B0F64}.Release|Mixed Platforms.ActiveCfg = Release|x86
		{7258BB65-FECE-43B7-B3D0-C829617B0F64}.Release|Win32.ActiveCfg = Release|x86
		{7258BB65-FECE-43B7-B3D0-C829617B0F64}.Release|x64.ActiveCfg = Release|x86
		{7258BB65-FECE-43B7-B3D0-C829617B0F64}.Release|x86.ActiveCfg = Release|x86
		{7258BB65-FECE-43B7-B3D0-C829617B0F64}.Release|x86.Build.0 = Release|x86
		{92AE5699-1E6A-44B6-8F17-EBA1C3382CF0}.Complete|Any CPU.ActiveCfg = Complete|Win32
		{92AE5699-1E6A-44B6-8F17-EBA1C3382CF0}.Complete|iPhone.ActiveCfg = Complete|Win32
		{92AE5699-1E6A-44B6-8F17-EBA1C3382CF0}.Complete|iPhoneSimulator.ActiveCfg = Complete|Win32
		{92AE5699-1E6A-44B6-8F17-EBA1C3382CF0}.Complete|Mixed Platforms.ActiveCfg = Complete|Win32
		{92AE5699-1E6A-44B6-8F17-EBA1C3382CF0}.Complete|Win32.ActiveCfg = Complete|Win32
		{92AE5699-1E6A-44B6-8F17-EBA1C3382CF0}.Complete|Win32.Build.0 = Complete|Win32
		{92AE5699-1E6A-44B6-8F17-EBA1C3382CF0}.Complete|x64.ActiveCfg = Complete|Win32
		{92AE5699-1E6A-44B6-8F17-EBA1C3382CF0}.Complete|x86.ActiveCfg = Complete|Win32
		{92AE5699-1E6A-44B6-8F17-EBA1C3382CF0}.Debug|Any CPU.ActiveCfg = Debug|Win32
		{92AE5699-1E6A-44B6-8F17-EBA1C3382CF0}.Debug|iPhone.ActiveCfg = Debug|Win32
		{92AE5699-1E6A-44B6-8F17-EBA1C3382CF0}.Debug|iPhoneSimulator.ActiveCfg = Debug|Win32
		{92AE5699-1E6A-44B6-8F17-EBA1C3382CF0}.Debug|Mixed Platforms.ActiveCfg = Debug|Win32
		{92AE5699-1E6A-44B6-8F17-EBA1C3382CF0}.Debug|Win32.ActiveCfg = Debug|Win32
		{92AE5699-1E6A-44B6-8F17-EBA1C3382CF0}.Debug|Win32.Build.0 = Debug|Win32
		{92AE5699-1E6A-44B6-8F17-EBA1C3382CF0}.Debug|x64.ActiveCfg = Debug|Win32
		{92AE5699-1E6A-44B6-8F17-EBA1C3382CF0}.Debug|x86.ActiveCfg = Debug|Win32
		{92AE5699-1E6A-44B6-8F17-EBA1C3382CF0}.Release|Any CPU.ActiveCfg = Release|Win32
		{92AE5699-1E6A-44B6-8F17-EBA1C3382CF0}.Release|iPhone.ActiveCfg = Release|Win32
		{92AE5699-1E6A-44B6-8F17-EBA1C3382CF0}.Release|iPhoneSimulator.ActiveCfg = Release|Win32
		{92AE5699-1E6A-44B6-8F17-EBA1C3382CF0}.Release|Mixed Platforms.ActiveCfg = Release|Win32
		{92AE5699-1E6A-44B6-8F17-EBA1C3382CF0}.Release|Win32.ActiveCfg = Release|Win32
		{92AE5699-1E6A-44B6-8F17-EBA1C3382CF0}.Release|Win32.Build.0 = Release|Win32
		{92AE5699-1E6A-44B6-8F17-EBA1C3382CF0}.Release|x64.ActiveCfg = Release|Win32
		{92AE5699-1E6A-44B6-8F17-EBA1C3382CF0}.Release|x86.ActiveCfg = Release|Win32
		{F26E3C69-CF5A-4218-AC13-410D6B5A9E1D}.Complete|Any CPU.ActiveCfg = Complete|Any CPU
		{F26E3C69-CF5A-4218-AC13-410D6B5A9E1D}.Complete|Any CPU.Build.0 = Complete|Any CPU
		{F26E3C69-CF5A-4218-AC13-410D6B5A9E1D}.Complete|iPhone.ActiveCfg = Complete|Any CPU
		{F26E3C69-CF5A-4218-AC13-410D6B5A9E1D}.Complete|iPhone.Build.0 = Complete|Any CPU
		{F26E3C69-CF5A-4218-AC13-410D6B5A9E1D}.Complete|iPhoneSimulator.ActiveCfg = Complete|Any CPU
		{F26E3C69-CF5A-4218-AC13-410D6B5A9E1D}.Complete|iPhoneSimulator.Build.0 = Complete|Any CPU
		{F26E3C69-CF5A-4218-AC13-410D6B5A9E1D}.Complete|Mixed Platforms.ActiveCfg = Complete|Any CPU
		{F26E3C69-CF5A-4218-AC13-410D6B5A9E1D}.Complete|Mixed Platforms.Build.0 = Complete|Any CPU
		{F26E3C69-CF5A-4218-AC13-410D6B5A9E1D}.Complete|Win32.ActiveCfg = Complete|Any CPU
		{F26E3C69-CF5A-4218-AC13-410D6B5A9E1D}.Complete|x64.ActiveCfg = Complete|Any CPU
		{F26E3C69-CF5A-4218-AC13-410D6B5A9E1D}.Complete|x64.Build.0 = Complete|Any CPU
		{F26E3C69-CF5A-4218-AC13-410D6B5A9E1D}.Complete|x86.ActiveCfg = Complete|Any CPU
		{F26E3C69-CF5A-4218-AC13-410D6B5A9E1D}.Debug|Any CPU.ActiveCfg = Debug|Any CPU
		{F26E3C69-CF5A-4218-AC13-410D6B5A9E1D}.Debug|Any CPU.Build.0 = Debug|Any CPU
		{F26E3C69-CF5A-4218-AC13-410D6B5A9E1D}.Debug|iPhone.ActiveCfg = Debug|Any CPU
		{F26E3C69-CF5A-4218-AC13-410D6B5A9E1D}.Debug|iPhone.Build.0 = Debug|Any CPU
		{F26E3C69-CF5A-4218-AC13-410D6B5A9E1D}.Debug|iPhoneSimulator.ActiveCfg = Debug|Any CPU
		{F26E3C69-CF5A-4218-AC13-410D6B5A9E1D}.Debug|iPhoneSimulator.Build.0 = Debug|Any CPU
		{F26E3C69-CF5A-4218-AC13-410D6B5A9E1D}.Debug|Mixed Platforms.ActiveCfg = Debug|Any CPU
		{F26E3C69-CF5A-4218-AC13-410D6B5A9E1D}.Debug|Mixed Platforms.Build.0 = Debug|Any CPU
		{F26E3C69-CF5A-4218-AC13-410D6B5A9E1D}.Debug|Win32.ActiveCfg = Debug|Any CPU
		{F26E3C69-CF5A-4218-AC13-410D6B5A9E1D}.Debug|x64.ActiveCfg = Debug|Any CPU
		{F26E3C69-CF5A-4218-AC13-410D6B5A9E1D}.Debug|x64.Build.0 = Debug|Any CPU
		{F26E3C69-CF5A-4218-AC13-410D6B5A9E1D}.Debug|x86.ActiveCfg = Debug|Any CPU
		{F26E3C69-CF5A-4218-AC13-410D6B5A9E1D}.Release|Any CPU.ActiveCfg = Release|Any CPU
		{F26E3C69-CF5A-4218-AC13-410D6B5A9E1D}.Release|Any CPU.Build.0 = Release|Any CPU
		{F26E3C69-CF5A-4218-AC13-410D6B5A9E1D}.Release|iPhone.ActiveCfg = Release|Any CPU
		{F26E3C69-CF5A-4218-AC13-410D6B5A9E1D}.Release|iPhone.Build.0 = Release|Any CPU
		{F26E3C69-CF5A-4218-AC13-410D6B5A9E1D}.Release|iPhoneSimulator.ActiveCfg = Release|Any CPU
		{F26E3C69-CF5A-4218-AC13-410D6B5A9E1D}.Release|iPhoneSimulator.Build.0 = Release|Any CPU
		{F26E3C69-CF5A-4218-AC13-410D6B5A9E1D}.Release|Mixed Platforms.ActiveCfg = Release|Any CPU
		{F26E3C69-CF5A-4218-AC13-410D6B5A9E1D}.Release|Mixed Platforms.Build.0 = Release|Any CPU
		{F26E3C69-CF5A-4218-AC13-410D6B5A9E1D}.Release|Win32.ActiveCfg = Release|Any CPU
		{F26E3C69-CF5A-4218-AC13-410D6B5A9E1D}.Release|x64.ActiveCfg = Release|Any CPU
		{F26E3C69-CF5A-4218-AC13-410D6B5A9E1D}.Release|x64.Build.0 = Release|Any CPU
		{F26E3C69-CF5A-4218-AC13-410D6B5A9E1D}.Release|x86.ActiveCfg = Release|Any CPU
		{CB67DEA0-900C-40DE-B659-98CE28D5702E}.Complete|Any CPU.ActiveCfg = Complete|x86
		{CB67DEA0-900C-40DE-B659-98CE28D5702E}.Complete|iPhone.ActiveCfg = Complete|x86
		{CB67DEA0-900C-40DE-B659-98CE28D5702E}.Complete|iPhoneSimulator.ActiveCfg = Complete|x86
		{CB67DEA0-900C-40DE-B659-98CE28D5702E}.Complete|Mixed Platforms.ActiveCfg = Complete|x86
		{CB67DEA0-900C-40DE-B659-98CE28D5702E}.Complete|Mixed Platforms.Build.0 = Complete|x86
		{CB67DEA0-900C-40DE-B659-98CE28D5702E}.Complete|Win32.ActiveCfg = Complete|x86
		{CB67DEA0-900C-40DE-B659-98CE28D5702E}.Complete|x64.ActiveCfg = Complete|x86
		{CB67DEA0-900C-40DE-B659-98CE28D5702E}.Complete|x86.ActiveCfg = Complete|x86
		{CB67DEA0-900C-40DE-B659-98CE28D5702E}.Complete|x86.Build.0 = Complete|x86
		{CB67DEA0-900C-40DE-B659-98CE28D5702E}.Debug|Any CPU.ActiveCfg = Debug|x86
		{CB67DEA0-900C-40DE-B659-98CE28D5702E}.Debug|Any CPU.Build.0 = Debug|x86
		{CB67DEA0-900C-40DE-B659-98CE28D5702E}.Debug|iPhone.ActiveCfg = Debug|x86
		{CB67DEA0-900C-40DE-B659-98CE28D5702E}.Debug|iPhoneSimulator.ActiveCfg = Debug|x86
		{CB67DEA0-900C-40DE-B659-98CE28D5702E}.Debug|Mixed Platforms.ActiveCfg = Debug|x86
		{CB67DEA0-900C-40DE-B659-98CE28D5702E}.Debug|Mixed Platforms.Build.0 = Debug|x86
		{CB67DEA0-900C-40DE-B659-98CE28D5702E}.Debug|Win32.ActiveCfg = Debug|x86
		{CB67DEA0-900C-40DE-B659-98CE28D5702E}.Debug|x64.ActiveCfg = Debug|x86
		{CB67DEA0-900C-40DE-B659-98CE28D5702E}.Debug|x86.ActiveCfg = Debug|x86
		{CB67DEA0-900C-40DE-B659-98CE28D5702E}.Debug|x86.Build.0 = Debug|x86
		{CB67DEA0-900C-40DE-B659-98CE28D5702E}.Release|Any CPU.ActiveCfg = Release|x86
		{CB67DEA0-900C-40DE-B659-98CE28D5702E}.Release|iPhone.ActiveCfg = Release|x86
		{CB67DEA0-900C-40DE-B659-98CE28D5702E}.Release|iPhoneSimulator.ActiveCfg = Release|x86
		{CB67DEA0-900C-40DE-B659-98CE28D5702E}.Release|Mixed Platforms.ActiveCfg = Release|x86
		{CB67DEA0-900C-40DE-B659-98CE28D5702E}.Release|Mixed Platforms.Build.0 = Release|x86
		{CB67DEA0-900C-40DE-B659-98CE28D5702E}.Release|Win32.ActiveCfg = Release|x86
		{CB67DEA0-900C-40DE-B659-98CE28D5702E}.Release|x64.ActiveCfg = Release|x86
		{CB67DEA0-900C-40DE-B659-98CE28D5702E}.Release|x86.ActiveCfg = Release|x86
		{CB67DEA0-900C-40DE-B659-98CE28D5702E}.Release|x86.Build.0 = Release|x86
		{2F6C1C80-126E-4D29-A2CD-750FC9AECA6E}.Complete|Any CPU.ActiveCfg = Complete|x86
		{2F6C1C80-126E-4D29-A2CD-750FC9AECA6E}.Complete|iPhone.ActiveCfg = Complete|x86
		{2F6C1C80-126E-4D29-A2CD-750FC9AECA6E}.Complete|iPhoneSimulator.ActiveCfg = Complete|x86
		{2F6C1C80-126E-4D29-A2CD-750FC9AECA6E}.Complete|Mixed Platforms.ActiveCfg = Complete|x86
		{2F6C1C80-126E-4D29-A2CD-750FC9AECA6E}.Complete|Win32.ActiveCfg = Complete|x86
		{2F6C1C80-126E-4D29-A2CD-750FC9AECA6E}.Complete|x64.ActiveCfg = Complete|x86
		{2F6C1C80-126E-4D29-A2CD-750FC9AECA6E}.Complete|x86.ActiveCfg = Complete|x86
		{2F6C1C80-126E-4D29-A2CD-750FC9AECA6E}.Complete|x86.Build.0 = Complete|x86
		{2F6C1C80-126E-4D29-A2CD-750FC9AECA6E}.Debug|Any CPU.ActiveCfg = Debug|x86
		{2F6C1C80-126E-4D29-A2CD-750FC9AECA6E}.Debug|iPhone.ActiveCfg = Debug|x86
		{2F6C1C80-126E-4D29-A2CD-750FC9AECA6E}.Debug|iPhoneSimulator.ActiveCfg = Debug|x86
		{2F6C1C80-126E-4D29-A2CD-750FC9AECA6E}.Debug|Mixed Platforms.ActiveCfg = Debug|x86
		{2F6C1C80-126E-4D29-A2CD-750FC9AECA6E}.Debug|Win32.ActiveCfg = Debug|x86
		{2F6C1C80-126E-4D29-A2CD-750FC9AECA6E}.Debug|x64.ActiveCfg = Debug|x86
		{2F6C1C80-126E-4D29-A2CD-750FC9AECA6E}.Debug|x86.ActiveCfg = Debug|x86
		{2F6C1C80-126E-4D29-A2CD-750FC9AECA6E}.Debug|x86.Build.0 = Debug|x86
		{2F6C1C80-126E-4D29-A2CD-750FC9AECA6E}.Release|Any CPU.ActiveCfg = Release|x86
		{2F6C1C80-126E-4D29-A2CD-750FC9AECA6E}.Release|iPhone.ActiveCfg = Release|x86
		{2F6C1C80-126E-4D29-A2CD-750FC9AECA6E}.Release|iPhoneSimulator.ActiveCfg = Release|x86
		{2F6C1C80-126E-4D29-A2CD-750FC9AECA6E}.Release|Mixed Platforms.ActiveCfg = Release|x86
		{2F6C1C80-126E-4D29-A2CD-750FC9AECA6E}.Release|Win32.ActiveCfg = Release|x86
		{2F6C1C80-126E-4D29-A2CD-750FC9AECA6E}.Release|x64.ActiveCfg = Release|x86
		{2F6C1C80-126E-4D29-A2CD-750FC9AECA6E}.Release|x86.ActiveCfg = Release|x86
		{2F6C1C80-126E-4D29-A2CD-750FC9AECA6E}.Release|x86.Build.0 = Release|x86
		{561DE568-B2E8-4087-BB3B-A15DD3A4E05B}.Complete|Any CPU.ActiveCfg = Complete|x86
		{561DE568-B2E8-4087-BB3B-A15DD3A4E05B}.Complete|iPhone.ActiveCfg = Complete|x86
		{561DE568-B2E8-4087-BB3B-A15DD3A4E05B}.Complete|iPhoneSimulator.ActiveCfg = Complete|x86
		{561DE568-B2E8-4087-BB3B-A15DD3A4E05B}.Complete|Mixed Platforms.ActiveCfg = Complete|x86
		{561DE568-B2E8-4087-BB3B-A15DD3A4E05B}.Complete|Mixed Platforms.Build.0 = Complete|x86
		{561DE568-B2E8-4087-BB3B-A15DD3A4E05B}.Complete|Win32.ActiveCfg = Complete|x86
		{561DE568-B2E8-4087-BB3B-A15DD3A4E05B}.Complete|x64.ActiveCfg = Complete|x86
		{561DE568-B2E8-4087-BB3B-A15DD3A4E05B}.Complete|x86.ActiveCfg = Complete|x86
		{561DE568-B2E8-4087-BB3B-A15DD3A4E05B}.Complete|x86.Build.0 = Complete|x86
		{561DE568-B2E8-4087-BB3B-A15DD3A4E05B}.Debug|Any CPU.ActiveCfg = Debug|x86
		{561DE568-B2E8-4087-BB3B-A15DD3A4E05B}.Debug|iPhone.ActiveCfg = Debug|x86
		{561DE568-B2E8-4087-BB3B-A15DD3A4E05B}.Debug|iPhoneSimulator.ActiveCfg = Debug|x86
		{561DE568-B2E8-4087-BB3B-A15DD3A4E05B}.Debug|Mixed Platforms.ActiveCfg = Debug|x86
		{561DE568-B2E8-4087-BB3B-A15DD3A4E05B}.Debug|Mixed Platforms.Build.0 = Debug|x86
		{561DE568-B2E8-4087-BB3B-A15DD3A4E05B}.Debug|Win32.ActiveCfg = Debug|x86
		{561DE568-B2E8-4087-BB3B-A15DD3A4E05B}.Debug|x64.ActiveCfg = Debug|x86
		{561DE568-B2E8-4087-BB3B-A15DD3A4E05B}.Debug|x86.ActiveCfg = Debug|x86
		{561DE568-B2E8-4087-BB3B-A15DD3A4E05B}.Debug|x86.Build.0 = Debug|x86
		{561DE568-B2E8-4087-BB3B-A15DD3A4E05B}.Release|Any CPU.ActiveCfg = Release|x86
		{561DE568-B2E8-4087-BB3B-A15DD3A4E05B}.Release|iPhone.ActiveCfg = Release|x86
		{561DE568-B2E8-4087-BB3B-A15DD3A4E05B}.Release|iPhoneSimulator.ActiveCfg = Release|x86
		{561DE568-B2E8-4087-BB3B-A15DD3A4E05B}.Release|Mixed Platforms.ActiveCfg = Release|x86
		{561DE568-B2E8-4087-BB3B-A15DD3A4E05B}.Release|Mixed Platforms.Build.0 = Release|x86
		{561DE568-B2E8-4087-BB3B-A15DD3A4E05B}.Release|Win32.ActiveCfg = Release|x86
		{561DE568-B2E8-4087-BB3B-A15DD3A4E05B}.Release|x64.ActiveCfg = Release|x86
		{561DE568-B2E8-4087-BB3B-A15DD3A4E05B}.Release|x86.ActiveCfg = Release|x86
		{561DE568-B2E8-4087-BB3B-A15DD3A4E05B}.Release|x86.Build.0 = Release|x86
		{09602B32-8DF9-4EAB-8EB5-9874D13F6614}.Complete|Any CPU.ActiveCfg = Complete|Win32
		{09602B32-8DF9-4EAB-8EB5-9874D13F6614}.Complete|iPhone.ActiveCfg = Complete|Win32
		{09602B32-8DF9-4EAB-8EB5-9874D13F6614}.Complete|iPhoneSimulator.ActiveCfg = Complete|Win32
		{09602B32-8DF9-4EAB-8EB5-9874D13F6614}.Complete|Mixed Platforms.ActiveCfg = Complete|Win32
		{09602B32-8DF9-4EAB-8EB5-9874D13F6614}.Complete|Win32.ActiveCfg = Complete|Win32
		{09602B32-8DF9-4EAB-8EB5-9874D13F6614}.Complete|Win32.Build.0 = Complete|Win32
		{09602B32-8DF9-4EAB-8EB5-9874D13F6614}.Complete|x64.ActiveCfg = Complete|Win32
		{09602B32-8DF9-4EAB-8EB5-9874D13F6614}.Complete|x86.ActiveCfg = Complete|Win32
		{09602B32-8DF9-4EAB-8EB5-9874D13F6614}.Debug|Any CPU.ActiveCfg = Debug|Win32
		{09602B32-8DF9-4EAB-8EB5-9874D13F6614}.Debug|iPhone.ActiveCfg = Debug|Win32
		{09602B32-8DF9-4EAB-8EB5-9874D13F6614}.Debug|iPhoneSimulator.ActiveCfg = Debug|Win32
		{09602B32-8DF9-4EAB-8EB5-9874D13F6614}.Debug|Mixed Platforms.ActiveCfg = Debug|Win32
		{09602B32-8DF9-4EAB-8EB5-9874D13F6614}.Debug|Win32.ActiveCfg = Debug|Win32
		{09602B32-8DF9-4EAB-8EB5-9874D13F6614}.Debug|Win32.Build.0 = Debug|Win32
		{09602B32-8DF9-4EAB-8EB5-9874D13F6614}.Debug|x64.ActiveCfg = Debug|Win32
		{09602B32-8DF9-4EAB-8EB5-9874D13F6614}.Debug|x86.ActiveCfg = Debug|Win32
		{09602B32-8DF9-4EAB-8EB5-9874D13F6614}.Release|Any CPU.ActiveCfg = Release|Win32
		{09602B32-8DF9-4EAB-8EB5-9874D13F6614}.Release|iPhone.ActiveCfg = Release|Win32
		{09602B32-8DF9-4EAB-8EB5-9874D13F6614}.Release|iPhoneSimulator.ActiveCfg = Release|Win32
		{09602B32-8DF9-4EAB-8EB5-9874D13F6614}.Release|Mixed Platforms.ActiveCfg = Release|Win32
		{09602B32-8DF9-4EAB-8EB5-9874D13F6614}.Release|Win32.ActiveCfg = Release|Win32
		{09602B32-8DF9-4EAB-8EB5-9874D13F6614}.Release|Win32.Build.0 = Release|Win32
		{09602B32-8DF9-4EAB-8EB5-9874D13F6614}.Release|x64.ActiveCfg = Release|Win32
		{09602B32-8DF9-4EAB-8EB5-9874D13F6614}.Release|x86.ActiveCfg = Release|Win32
		{B5781531-F72D-4C3D-AEAC-BBAADBE9A223}.Complete|Any CPU.ActiveCfg = Release|Any CPU
		{B5781531-F72D-4C3D-AEAC-BBAADBE9A223}.Complete|Any CPU.Build.0 = Release|Any CPU
		{B5781531-F72D-4C3D-AEAC-BBAADBE9A223}.Complete|iPhone.ActiveCfg = Debug|Any CPU
		{B5781531-F72D-4C3D-AEAC-BBAADBE9A223}.Complete|iPhoneSimulator.ActiveCfg = Debug|Any CPU
		{B5781531-F72D-4C3D-AEAC-BBAADBE9A223}.Complete|Mixed Platforms.ActiveCfg = Release|Any CPU
		{B5781531-F72D-4C3D-AEAC-BBAADBE9A223}.Complete|Mixed Platforms.Build.0 = Release|Any CPU
		{B5781531-F72D-4C3D-AEAC-BBAADBE9A223}.Complete|Win32.ActiveCfg = Release|Any CPU
		{B5781531-F72D-4C3D-AEAC-BBAADBE9A223}.Complete|Win32.Build.0 = Release|Any CPU
		{B5781531-F72D-4C3D-AEAC-BBAADBE9A223}.Complete|x64.ActiveCfg = Release|Any CPU
		{B5781531-F72D-4C3D-AEAC-BBAADBE9A223}.Complete|x64.Build.0 = Release|Any CPU
		{B5781531-F72D-4C3D-AEAC-BBAADBE9A223}.Complete|x86.ActiveCfg = Release|Any CPU
		{B5781531-F72D-4C3D-AEAC-BBAADBE9A223}.Complete|x86.Build.0 = Release|Any CPU
		{B5781531-F72D-4C3D-AEAC-BBAADBE9A223}.Debug|Any CPU.ActiveCfg = Debug|Any CPU
		{B5781531-F72D-4C3D-AEAC-BBAADBE9A223}.Debug|Any CPU.Build.0 = Debug|Any CPU
		{B5781531-F72D-4C3D-AEAC-BBAADBE9A223}.Debug|iPhone.ActiveCfg = Debug|Any CPU
		{B5781531-F72D-4C3D-AEAC-BBAADBE9A223}.Debug|iPhoneSimulator.ActiveCfg = Debug|Any CPU
		{B5781531-F72D-4C3D-AEAC-BBAADBE9A223}.Debug|Mixed Platforms.ActiveCfg = Debug|Any CPU
		{B5781531-F72D-4C3D-AEAC-BBAADBE9A223}.Debug|Win32.ActiveCfg = Debug|Any CPU
		{B5781531-F72D-4C3D-AEAC-BBAADBE9A223}.Debug|Win32.Build.0 = Debug|Any CPU
		{B5781531-F72D-4C3D-AEAC-BBAADBE9A223}.Debug|x64.ActiveCfg = Debug|Any CPU
		{B5781531-F72D-4C3D-AEAC-BBAADBE9A223}.Debug|x64.Build.0 = Debug|Any CPU
		{B5781531-F72D-4C3D-AEAC-BBAADBE9A223}.Debug|x86.ActiveCfg = Debug|Any CPU
		{B5781531-F72D-4C3D-AEAC-BBAADBE9A223}.Debug|x86.Build.0 = Debug|Any CPU
		{B5781531-F72D-4C3D-AEAC-BBAADBE9A223}.Release|Any CPU.ActiveCfg = Release|Any CPU
		{B5781531-F72D-4C3D-AEAC-BBAADBE9A223}.Release|Any CPU.Build.0 = Release|Any CPU
		{B5781531-F72D-4C3D-AEAC-BBAADBE9A223}.Release|iPhone.ActiveCfg = Release|Any CPU
		{B5781531-F72D-4C3D-AEAC-BBAADBE9A223}.Release|iPhoneSimulator.ActiveCfg = Release|Any CPU
		{B5781531-F72D-4C3D-AEAC-BBAADBE9A223}.Release|Mixed Platforms.ActiveCfg = Release|Any CPU
		{B5781531-F72D-4C3D-AEAC-BBAADBE9A223}.Release|Mixed Platforms.Build.0 = Release|Any CPU
		{B5781531-F72D-4C3D-AEAC-BBAADBE9A223}.Release|Win32.ActiveCfg = Release|Any CPU
		{B5781531-F72D-4C3D-AEAC-BBAADBE9A223}.Release|Win32.Build.0 = Release|Any CPU
		{B5781531-F72D-4C3D-AEAC-BBAADBE9A223}.Release|x64.ActiveCfg = Release|Any CPU
		{B5781531-F72D-4C3D-AEAC-BBAADBE9A223}.Release|x64.Build.0 = Release|Any CPU
		{B5781531-F72D-4C3D-AEAC-BBAADBE9A223}.Release|x86.ActiveCfg = Release|Any CPU
		{B5781531-F72D-4C3D-AEAC-BBAADBE9A223}.Release|x86.Build.0 = Release|Any CPU
		{F4EC2C8D-251E-40E1-9EB9-E16793777D5A}.Complete|Any CPU.ActiveCfg = Debug|Any CPU
		{F4EC2C8D-251E-40E1-9EB9-E16793777D5A}.Complete|Any CPU.Build.0 = Debug|Any CPU
		{F4EC2C8D-251E-40E1-9EB9-E16793777D5A}.Complete|iPhone.ActiveCfg = Release|Any CPU
		{F4EC2C8D-251E-40E1-9EB9-E16793777D5A}.Complete|iPhone.Build.0 = Release|Any CPU
		{F4EC2C8D-251E-40E1-9EB9-E16793777D5A}.Complete|iPhoneSimulator.ActiveCfg = Release|Any CPU
		{F4EC2C8D-251E-40E1-9EB9-E16793777D5A}.Complete|iPhoneSimulator.Build.0 = Release|Any CPU
		{F4EC2C8D-251E-40E1-9EB9-E16793777D5A}.Complete|Mixed Platforms.ActiveCfg = Debug|Any CPU
		{F4EC2C8D-251E-40E1-9EB9-E16793777D5A}.Complete|Mixed Platforms.Build.0 = Debug|Any CPU
		{F4EC2C8D-251E-40E1-9EB9-E16793777D5A}.Complete|Win32.ActiveCfg = Debug|Any CPU
		{F4EC2C8D-251E-40E1-9EB9-E16793777D5A}.Complete|Win32.Build.0 = Debug|Any CPU
		{F4EC2C8D-251E-40E1-9EB9-E16793777D5A}.Complete|x64.ActiveCfg = Debug|Any CPU
		{F4EC2C8D-251E-40E1-9EB9-E16793777D5A}.Complete|x64.Build.0 = Debug|Any CPU
		{F4EC2C8D-251E-40E1-9EB9-E16793777D5A}.Complete|x86.ActiveCfg = Debug|Any CPU
		{F4EC2C8D-251E-40E1-9EB9-E16793777D5A}.Complete|x86.Build.0 = Debug|Any CPU
		{F4EC2C8D-251E-40E1-9EB9-E16793777D5A}.Debug|Any CPU.ActiveCfg = Debug|Any CPU
		{F4EC2C8D-251E-40E1-9EB9-E16793777D5A}.Debug|Any CPU.Build.0 = Debug|Any CPU
		{F4EC2C8D-251E-40E1-9EB9-E16793777D5A}.Debug|iPhone.ActiveCfg = Debug|Any CPU
		{F4EC2C8D-251E-40E1-9EB9-E16793777D5A}.Debug|iPhone.Build.0 = Debug|Any CPU
		{F4EC2C8D-251E-40E1-9EB9-E16793777D5A}.Debug|iPhoneSimulator.ActiveCfg = Debug|Any CPU
		{F4EC2C8D-251E-40E1-9EB9-E16793777D5A}.Debug|iPhoneSimulator.Build.0 = Debug|Any CPU
		{F4EC2C8D-251E-40E1-9EB9-E16793777D5A}.Debug|Mixed Platforms.ActiveCfg = Debug|Any CPU
		{F4EC2C8D-251E-40E1-9EB9-E16793777D5A}.Debug|Win32.ActiveCfg = Debug|Any CPU
		{F4EC2C8D-251E-40E1-9EB9-E16793777D5A}.Debug|Win32.Build.0 = Debug|Any CPU
		{F4EC2C8D-251E-40E1-9EB9-E16793777D5A}.Debug|x64.ActiveCfg = Debug|Any CPU
		{F4EC2C8D-251E-40E1-9EB9-E16793777D5A}.Debug|x64.Build.0 = Debug|Any CPU
		{F4EC2C8D-251E-40E1-9EB9-E16793777D5A}.Debug|x86.ActiveCfg = Debug|Any CPU
		{F4EC2C8D-251E-40E1-9EB9-E16793777D5A}.Debug|x86.Build.0 = Debug|Any CPU
		{F4EC2C8D-251E-40E1-9EB9-E16793777D5A}.Release|Any CPU.ActiveCfg = Release|Any CPU
		{F4EC2C8D-251E-40E1-9EB9-E16793777D5A}.Release|Any CPU.Build.0 = Release|Any CPU
		{F4EC2C8D-251E-40E1-9EB9-E16793777D5A}.Release|iPhone.ActiveCfg = Release|Any CPU
		{F4EC2C8D-251E-40E1-9EB9-E16793777D5A}.Release|iPhone.Build.0 = Release|Any CPU
		{F4EC2C8D-251E-40E1-9EB9-E16793777D5A}.Release|iPhoneSimulator.ActiveCfg = Release|Any CPU
		{F4EC2C8D-251E-40E1-9EB9-E16793777D5A}.Release|iPhoneSimulator.Build.0 = Release|Any CPU
		{F4EC2C8D-251E-40E1-9EB9-E16793777D5A}.Release|Mixed Platforms.ActiveCfg = Release|Any CPU
		{F4EC2C8D-251E-40E1-9EB9-E16793777D5A}.Release|Mixed Platforms.Build.0 = Release|Any CPU
		{F4EC2C8D-251E-40E1-9EB9-E16793777D5A}.Release|Win32.ActiveCfg = Release|Any CPU
		{F4EC2C8D-251E-40E1-9EB9-E16793777D5A}.Release|Win32.Build.0 = Release|Any CPU
		{F4EC2C8D-251E-40E1-9EB9-E16793777D5A}.Release|x64.ActiveCfg = Release|Any CPU
		{F4EC2C8D-251E-40E1-9EB9-E16793777D5A}.Release|x64.Build.0 = Release|Any CPU
		{F4EC2C8D-251E-40E1-9EB9-E16793777D5A}.Release|x86.ActiveCfg = Release|Any CPU
		{F4EC2C8D-251E-40E1-9EB9-E16793777D5A}.Release|x86.Build.0 = Release|Any CPU
		{44986DA3-C64C-4852-9AF0-A1CACE98E9FA}.Complete|Any CPU.ActiveCfg = Complete|x86
		{44986DA3-C64C-4852-9AF0-A1CACE98E9FA}.Complete|iPhone.ActiveCfg = Complete|x86
		{44986DA3-C64C-4852-9AF0-A1CACE98E9FA}.Complete|iPhoneSimulator.ActiveCfg = Complete|x86
		{44986DA3-C64C-4852-9AF0-A1CACE98E9FA}.Complete|Mixed Platforms.ActiveCfg = Complete|x86
		{44986DA3-C64C-4852-9AF0-A1CACE98E9FA}.Complete|Mixed Platforms.Build.0 = Complete|x86
		{44986DA3-C64C-4852-9AF0-A1CACE98E9FA}.Complete|Win32.ActiveCfg = Complete|x86
		{44986DA3-C64C-4852-9AF0-A1CACE98E9FA}.Complete|Win32.Build.0 = Complete|x86
		{44986DA3-C64C-4852-9AF0-A1CACE98E9FA}.Complete|x64.ActiveCfg = Complete|x86
		{44986DA3-C64C-4852-9AF0-A1CACE98E9FA}.Complete|x86.ActiveCfg = Complete|x86
		{44986DA3-C64C-4852-9AF0-A1CACE98E9FA}.Complete|x86.Build.0 = Complete|x86
		{44986DA3-C64C-4852-9AF0-A1CACE98E9FA}.Debug|Any CPU.ActiveCfg = Debug|x86
		{44986DA3-C64C-4852-9AF0-A1CACE98E9FA}.Debug|iPhone.ActiveCfg = Debug|x86
		{44986DA3-C64C-4852-9AF0-A1CACE98E9FA}.Debug|iPhoneSimulator.ActiveCfg = Debug|x86
		{44986DA3-C64C-4852-9AF0-A1CACE98E9FA}.Debug|Mixed Platforms.ActiveCfg = Debug|x86
		{44986DA3-C64C-4852-9AF0-A1CACE98E9FA}.Debug|Mixed Platforms.Build.0 = Debug|x86
		{44986DA3-C64C-4852-9AF0-A1CACE98E9FA}.Debug|Win32.ActiveCfg = Debug|x86
		{44986DA3-C64C-4852-9AF0-A1CACE98E9FA}.Debug|Win32.Build.0 = Debug|x86
		{44986DA3-C64C-4852-9AF0-A1CACE98E9FA}.Debug|x64.ActiveCfg = Debug|x86
		{44986DA3-C64C-4852-9AF0-A1CACE98E9FA}.Debug|x86.ActiveCfg = Debug|x86
		{44986DA3-C64C-4852-9AF0-A1CACE98E9FA}.Debug|x86.Build.0 = Debug|x86
		{44986DA3-C64C-4852-9AF0-A1CACE98E9FA}.Release|Any CPU.ActiveCfg = Release|x86
		{44986DA3-C64C-4852-9AF0-A1CACE98E9FA}.Release|iPhone.ActiveCfg = Release|x86
		{44986DA3-C64C-4852-9AF0-A1CACE98E9FA}.Release|iPhoneSimulator.ActiveCfg = Release|x86
		{44986DA3-C64C-4852-9AF0-A1CACE98E9FA}.Release|Mixed Platforms.ActiveCfg = Release|x86
		{44986DA3-C64C-4852-9AF0-A1CACE98E9FA}.Release|Mixed Platforms.Build.0 = Release|x86
		{44986DA3-C64C-4852-9AF0-A1CACE98E9FA}.Release|Win32.ActiveCfg = Release|x86
		{44986DA3-C64C-4852-9AF0-A1CACE98E9FA}.Release|Win32.Build.0 = Release|x86
		{44986DA3-C64C-4852-9AF0-A1CACE98E9FA}.Release|x64.ActiveCfg = Release|x86
		{44986DA3-C64C-4852-9AF0-A1CACE98E9FA}.Release|x86.ActiveCfg = Release|x86
		{44986DA3-C64C-4852-9AF0-A1CACE98E9FA}.Release|x86.Build.0 = Release|x86
	EndGlobalSection
	GlobalSection(SolutionProperties) = preSolution
		HideSolutionNode = FALSE
	EndGlobalSection
	GlobalSection(NestedProjects) = preSolution
		{7258BB65-FECE-43B7-B3D0-C829617B0F64} = {B7356927-E590-4791-AEA7-4ED73CC2BBEF}
		{92AE5699-1E6A-44B6-8F17-EBA1C3382CF0} = {B7356927-E590-4791-AEA7-4ED73CC2BBEF}
		{F26E3C69-CF5A-4218-AC13-410D6B5A9E1D} = {D90B83BD-FA5B-4EFB-89C8-5D3799869B1E}
		{CB67DEA0-900C-40DE-B659-98CE28D5702E} = {D90B83BD-FA5B-4EFB-89C8-5D3799869B1E}
		{2F6C1C80-126E-4D29-A2CD-750FC9AECA6E} = {71B918CC-1E43-4B69-87C8-50B1E528D2D2}
		{561DE568-B2E8-4087-BB3B-A15DD3A4E05B} = {D90B83BD-FA5B-4EFB-89C8-5D3799869B1E}
		{09602B32-8DF9-4EAB-8EB5-9874D13F6614} = {71B918CC-1E43-4B69-87C8-50B1E528D2D2}
		{B5781531-F72D-4C3D-AEAC-BBAADBE9A223} = {71B918CC-1E43-4B69-87C8-50B1E528D2D2}
		{F4EC2C8D-251E-40E1-9EB9-E16793777D5A} = {71B918CC-1E43-4B69-87C8-50B1E528D2D2}
		{972C156F-361C-4540-8505-40835C7EFB66} = {D90B83BD-FA5B-4EFB-89C8-5D3799869B1E}
		{44986DA3-C64C-4852-9AF0-A1CACE98E9FA} = {D90B83BD-FA5B-4EFB-89C8-5D3799869B1E}
	EndGlobalSection
	GlobalSection(ExtensibilityGlobals) = postSolution
		SolutionGuid = {66F28C3A-CF5D-4A50-85C9-6E162E2787EF}
	EndGlobalSection
EndGlobal
